
Microsoft Visual Studio Solution File, Format Version 12.00
# Visual Studio Version 16
VisualStudioVersion = 16.0.29613.14
MinimumVisualStudioVersion = 10.0.40219.1
Project("{FAE04EC0-301F-11D3-BF4B-00C04F79EFBC}") = "DataGathererRobot.WebsiteInformationGatherer", "DataGathererRobot.WebsiteInformationGatherer\DataGathererRobot.WebsiteInformationGatherer.csproj", "{E78350CD-8719-4D59-AD75-7C0625FD79F9}"
EndProject
Project("{FAE04EC0-301F-11D3-BF4B-00C04F79EFBC}") = "DataGathererRobot.ConsoleUI", "DataGathererRobot.ConsoleUI\DataGathererRobot.ConsoleUI.csproj", "{C6A6042D-94CE-44E2-BE78-ABDC6E13C623}"
EndProject
Project("{FAE04EC0-301F-11D3-BF4B-00C04F79EFBC}") = "DataGathererRobot.ExcelDataFileCreator", "DataGathererRobot.ExcelDataFileCreator\DataGathererRobot.ExcelDataFileCreator.csproj", "{9A624692-4C9F-406A-8D85-3D49A3716F62}"
EndProject
Global
	GlobalSection(SolutionConfigurationPlatforms) = preSolution
		Debug|Any CPU = Debug|Any CPU
		Release|Any CPU = Release|Any CPU
	EndGlobalSection
	GlobalSection(ProjectConfigurationPlatforms) = postSolution
		{E78350CD-8719-4D59-AD75-7C0625FD79F9}.Debug|Any CPU.ActiveCfg = Debug|Any CPU
		{E78350CD-8719-4D59-AD75-7C0625FD79F9}.Debug|Any CPU.Build.0 = Debug|Any CPU
		{E78350CD-8719-4D59-AD75-7C0625FD79F9}.Release|Any CPU.ActiveCfg = Release|Any CPU
		{E78350CD-8719-4D59-AD75-7C0625FD79F9}.Release|Any CPU.Build.0 = Release|Any CPU
		{C6A6042D-94CE-44E2-BE78-ABDC6E13C623}.Debug|Any CPU.ActiveCfg = Debug|Any CPU
		{C6A6042D-94CE-44E2-BE78-ABDC6E13C623}.Debug|Any CPU.Build.0 = Debug|Any CPU
		{C6A6042D-94CE-44E2-BE78-ABDC6E13C623}.Release|Any CPU.ActiveCfg = Release|Any CPU
		{C6A6042D-94CE-44E2-BE78-ABDC6E13C623}.Release|Any CPU.Build.0 = Release|Any CPU
		{9A624692-4C9F-406A-8D85-3D49A3716F62}.Debug|Any CPU.ActiveCfg = Debug|Any CPU
		{9A624692-4C9F-406A-8D85-3D49A3716F62}.Debug|Any CPU.Build.0 = Debug|Any CPU
		{9A624692-4C9F-406A-8D85-3D49A3716F62}.Release|Any CPU.ActiveCfg = Release|Any CPU
		{9A624692-4C9F-406A-8D85-3D49A3716F62}.Release|Any CPU.Build.0 = Release|Any CPU
	EndGlobalSection
	GlobalSection(SolutionProperties) = preSolution
		HideSolutionNode = FALSE
	EndGlobalSection
	GlobalSection(ExtensibilityGlobals) = postSolution
		SolutionGuid = {866ED5C0-B2D1-4161-AC55-09925E8D5FD1}
	EndGlobalSection
EndGlobal
